{
  "name": "ai-proxy-structured",
  "version": "1.0.0",
  "lockfileVersion": 3,
  "requires": true,
  "packages": {
    "": {
      "name": "ai-proxy-structured",
      "version": "1.0.0",
      "dependencies": {
        "hono": "^4.12.22"
      },
      "devDependencies": {
        "@cloudflare/vitest-pool-workers": "^0.16.9",
        "@cloudflare/workers-types": "^4.20260522.1",
        "@semantic-release/changelog": "^6.0.3",
        "@semantic-release/git": "^10.0.1",
        "@semantic-release/github": "^12.0.8",
        "@types/node": "25.9.1",
        "@vitest/coverage-v8": "^4.1.7",
        "oxlint": "^1.66.0",
        "semantic-release": "^25.0.3",
        "typescript": "6.0.3",
        "vitest": "^4.1.7",
        "wrangler": "^4.94.0"
      }
    },
    "../../.pnpm-store/v11/links/@/hono/4.12.22/1f5df69f7c463d3bfbb182e8d611fddb19003d6f950823cec620557ce1ceda79/node_modules/hono": {
      "version": "4.12.22",
      "license": "MIT",
      "devDependencies": {
        "@hono/eslint-config": "^2.1.0",
        "@hono/node-server": "^2.0.2",
        "@types/glob": "^9.0.0",
        "@types/jsdom": "^21.1.7",
        "@types/node": "^24.3.0",
        "@types/ws": "^8.18.1",
        "@typescript/native-preview": "7.0.0-dev.20260210.1",
        "@vitest/coverage-v8": "^4.1.7",
        "arg": "^5.0.2",
        "bun-types": "^1.2.20",
        "editorconfig-checker": "6.1.1",
        "esbuild": "^0.27.1",
        "eslint": "^9.39.3",
        "glob": "^11.0.0",
        "jsdom": "22.1.0",
        "msw": "^2.6.0",
        "np": "10.2.0",
        "oxc-parser": "^0.96.0",
        "pkg-pr-new": "^0.0.53",
        "prettier": "3.7.4",
        "publint": "0.3.15",
        "typescript": "^5.9.2",
        "undici": "^6.21.3",
        "vite-plugin-fastly-js-compute": "^0.4.2",
        "vitest": "^4.1.7",
        "wrangler": "4.12.0",
        "ws": "^8.18.0",
        "zod": "^3.23.8"
      },
      "engines": {
        "node": ">=16.9.0"
      }
    },
    "../../.pnpm-store/v11/links/@/oxlint/1.66.0/b9d2fd506db89526b61614fac8c13ae4f67a3397f6136c054399cc0d08348f49/node_modules/oxlint": {
      "version": "1.66.0",
      "dev": true,
      "license": "MIT",
      "bin": {
        "oxlint": "bin/oxlint"
      },
      "engines": {
        "node": "^20.19.0 || >=22.12.0"
      },
      "funding": {
        "url": "https://github.com/sponsors/Boshen"
      },
      "optionalDependencies": {
        "@oxlint/binding-android-arm-eabi": "1.66.0",
        "@oxlint/binding-android-arm64": "1.66.0",
        "@oxlint/binding-darwin-arm64": "1.66.0",
        "@oxlint/binding-darwin-x64": "1.66.0",
        "@oxlint/binding-freebsd-x64": "1.66.0",
        "@oxlint/binding-linux-arm-gnueabihf": "1.66.0",
        "@oxlint/binding-linux-arm-musleabihf": "1.66.0",
        "@oxlint/binding-linux-arm64-gnu": "1.66.0",
        "@oxlint/binding-linux-arm64-musl": "1.66.0",
        "@oxlint/binding-linux-ppc64-gnu": "1.66.0",
        "@oxlint/binding-linux-riscv64-gnu": "1.66.0",
        "@oxlint/binding-linux-riscv64-musl": "1.66.0",
        "@oxlint/binding-linux-s390x-gnu": "1.66.0",
        "@oxlint/binding-linux-x64-gnu": "1.66.0",
        "@oxlint/binding-linux-x64-musl": "1.66.0",
        "@oxlint/binding-openharmony-arm64": "1.66.0",
        "@oxlint/binding-win32-arm64-msvc": "1.66.0",
        "@oxlint/binding-win32-ia32-msvc": "1.66.0",
        "@oxlint/binding-win32-x64-msvc": "1.66.0"
      },
      "peerDependencies": {
        "oxlint-tsgolint": ">=0.22.1"
      },
      "peerDependenciesMeta": {
        "oxlint-tsgolint": {
          "optional": true
        }
      }
    },
    "../../.pnpm-store/v11/links/@/semantic-release/25.0.3/4bae0b389b3834d0b31d74ee57bc4d82e81cccc66c2e339d70a6ccf3974b49e8/node_modules/semantic-release": {
      "version": "25.0.3",
      "dev": true,
      "license": "MIT",
      "dependencies": {
        "@semantic-release/commit-analyzer": "^13.0.1",
        "@semantic-release/error": "^4.0.0",
        "@semantic-release/github": "^12.0.0",
        "@semantic-release/npm": "^13.1.1",
        "@semantic-release/release-notes-generator": "^14.1.0",
        "aggregate-error": "^5.0.0",
        "cosmiconfig": "^9.0.0",
        "debug": "^4.0.0",
        "env-ci": "^11.0.0",
        "execa": "^9.0.0",
        "figures": "^6.0.0",
        "find-versions": "^6.0.0",
        "get-stream": "^6.0.0",
        "git-log-parser": "^1.2.0",
        "hook-std": "^4.0.0",
        "hosted-git-info": "^9.0.0",
        "import-from-esm": "^2.0.0",
        "lodash-es": "^4.17.21",
        "marked": "^15.0.0",
        "marked-terminal": "^7.3.0",
        "micromatch": "^4.0.2",
        "p-each-series": "^3.0.0",
        "p-reduce": "^3.0.0",
        "read-package-up": "^12.0.0",
        "resolve-from": "^5.0.0",
        "semver": "^7.3.2",
        "signale": "^1.2.1",
        "yargs": "^18.0.0"
      },
      "bin": {
        "semantic-release": "bin/semantic-release.js"
      },
      "devDependencies": {
        "@types/node": "24.10.9",
        "@types/signale": "1.4.7",
        "ava": "6.4.1",
        "c8": "10.1.3",
        "clear-module": "4.1.2",
        "cz-conventional-changelog": "3.3.0",
        "dockerode": "4.0.9",
        "file-url": "4.0.0",
        "fs-extra": "11.3.3",
        "got": "14.6.6",
        "js-yaml": "4.1.1",
        "lockfile-lint": "5.0.0",
        "ls-engines": "0.10.0",
        "mockserver-client": "5.15.0",
        "nock": "14.0.10",
        "npm-run-all2": "8.0.4",
        "p-retry": "7.1.1",
        "prettier": "3.8.1",
        "publint": "0.3.17",
        "sinon": "21.0.1",
        "stream-buffers": "3.0.3",
        "tempy": "3.1.2",
        "testdouble": "3.20.2"
      },
      "engines": {
        "node": "^22.14.0 || >= 24.10.0"
      }
    },
    "../../.pnpm-store/v11/links/@/typescript/6.0.3/4c7d5dda06e5f9372ccbd4cadc34d29e5e1e0f616e2adf0b32c5b6b3f909eb4c/node_modules/typescript": {
      "version": "6.0.3",
      "dev": true,
      "license": "Apache-2.0",
      "bin": {
        "tsc": "bin/tsc",
        "tsserver": "bin/tsserver"
      },
      "devDependencies": {
        "@dprint/formatter": "^0.4.1",
        "@dprint/typescript": "0.93.4",
        "@esfx/canceltoken": "^1.0.0",
        "@eslint/js": "^10.0.1",
        "@octokit/rest": "^22.0.1",
        "@types/chai": "^4.3.20",
        "@types/minimist": "^1.2.5",
        "@types/mocha": "^10.0.10",
        "@types/ms": "^2.1.0",
        "@types/node": "latest",
        "@types/source-map-support": "^0.5.10",
        "@types/which": "^3.0.4",
        "@typescript-eslint/rule-tester": "^8.56.1",
        "@typescript-eslint/type-utils": "^8.56.1",
        "@typescript-eslint/utils": "^8.56.1",
        "azure-devops-node-api": "^15.1.3",
        "c8": "^10.1.3",
        "chai": "^4.5.0",
        "chokidar": "^4.0.3",
        "diff": "^8.0.3",
        "dprint": "^0.49.1",
        "esbuild": "^0.27.3",
        "eslint": "^10.0.2",
        "eslint-plugin-regexp": "^3.0.0",
        "fast-xml-parser": "^5.4.1",
        "glob": "^10.5.0",
        "globals": "^17.4.0",
        "hereby": "^1.12.0",
        "jsonc-parser": "^3.3.1",
        "knip": "^5.85.0",
        "minimist": "^1.2.8",
        "mocha": "^10.8.2",
        "mocha-fivemat-progress-reporter": "^0.1.0",
        "monocart-coverage-reports": "^2.12.9",
        "ms": "^2.1.3",
        "picocolors": "^1.1.1",
        "playwright": "^1.58.2",
        "source-map-support": "^0.5.21",
        "tslib": "^2.8.1",
        "typescript": "^5.9.3",
        "typescript-eslint": "^8.56.1",
        "which": "^3.0.1"
      },
      "engines": {
        "node": ">=14.17"
      }
    },
    "../../.pnpm-store/v11/links/@/vitest/4.1.7/433dedf691d96b5b38ac5e027c85b7d4408e7d8aa8499c97bc1b3151684f95d8/node_modules/vitest": {
      "version": "4.1.7",
      "dev": true,
      "license": "MIT",
      "dependencies": {
        "@vitest/expect": "4.1.7",
        "@vitest/mocker": "4.1.7",
        "@vitest/pretty-format": "4.1.7",
        "@vitest/runner": "4.1.7",
        "@vitest/snapshot": "4.1.7",
        "@vitest/spy": "4.1.7",
        "@vitest/utils": "4.1.7",
        "es-module-lexer": "^2.0.0",
        "expect-type": "^1.3.0",
        "magic-string": "^0.30.21",
        "obug": "^2.1.1",
        "pathe": "^2.0.3",
        "picomatch": "^4.0.3",
        "std-env": "^4.0.0-rc.1",
        "tinybench": "^2.9.0",
        "tinyexec": "^1.0.2",
        "tinyglobby": "^0.2.15",
        "tinyrainbow": "^3.1.0",
        "vite": "^6.0.0 || ^7.0.0 || ^8.0.0",
        "why-is-node-running": "^2.3.0"
      },
      "bin": {
        "vitest": "vitest.mjs"
      },
      "devDependencies": {
        "@antfu/install-pkg": "^1.1.0",
        "@bomb.sh/tab": "^0.0.14",
        "@edge-runtime/vm": "^5.0.0",
        "@jridgewell/trace-mapping": "0.3.31",
        "@opentelemetry/api": "^1.9.0",
        "@sinonjs/fake-timers": "15.0.0",
        "@types/estree": "^1.0.8",
        "@types/istanbul-lib-coverage": "^2.0.6",
        "@types/istanbul-reports": "^3.0.4",
        "@types/jsdom": "^27.0.0",
        "@types/node": "^24.12.0",
        "@types/picomatch": "^4.0.2",
        "@types/prompts": "^2.4.9",
        "@types/sinonjs__fake-timers": "^15.0.1",
        "acorn": "8.11.3",
        "acorn-walk": "^8.3.5",
        "birpc": "^4.0.0",
        "cac": "^6.7.14",
        "empathic": "^2.0.0",
        "flatted": "^3.4.2",
        "happy-dom": "^20.8.3",
        "jsdom": "^27.4.0",
        "local-pkg": "^1.1.2",
        "mime": "^4.1.0",
        "prompts": "^2.4.2",
        "strip-literal": "^3.1.0",
        "tinyhighlight": "^0.3.2",
        "ws": "^8.19.0"
      },
      "engines": {
        "node": "^20.0.0 || ^22.0.0 || >=24.0.0"
      },
      "funding": {
        "url": "https://opencollective.com/vitest"
      },
      "peerDependencies": {
        "@edge-runtime/vm": "*",
        "@opentelemetry/api": "^1.9.0",
        "@types/node": "^20.0.0 || ^22.0.0 || >=24.0.0",
        "@vitest/browser-playwright": "4.1.7",
        "@vitest/browser-preview": "4.1.7",
        "@vitest/browser-webdriverio": "4.1.7",
        "@vitest/coverage-istanbul": "4.1.7",
        "@vitest/coverage-v8": "4.1.7",
        "@vitest/ui": "4.1.7",
        "happy-dom": "*",
        "jsdom": "*",
        "vite": "^6.0.0 || ^7.0.0 || ^8.0.0"
      },
      "peerDependenciesMeta": {
        "@edge-runtime/vm": {
          "optional": true
        },
        "@opentelemetry/api": {
          "optional": true
        },
        "@types/node": {
          "optional": true
        },
        "@vitest/browser-playwright": {
          "optional": true
        },
        "@vitest/browser-preview": {
          "optional": true
        },
        "@vitest/browser-webdriverio": {
          "optional": true
        },
        "@vitest/coverage-istanbul": {
          "optional": true
        },
        "@vitest/coverage-v8": {
          "optional": true
        },
        "@vitest/ui": {
          "optional": true
        },
        "happy-dom": {
          "optional": true
        },
        "jsdom": {
          "optional": true
        },
        "vite": {
          "optional": false
        }
      }
    },
    "../../.pnpm-store/v11/links/@/wrangler/4.94.0/9815b3edd52aece30b62a75e6befe51bdb0c733ea5e2fd7597f22046c9e72396/node_modules/wrangler": {
      "version": "4.94.0",
      "dev": true,
      "license": "MIT OR Apache-2.0",
      "dependencies": {
        "@cloudflare/kv-asset-handler": "0.5.0",
        "@cloudflare/unenv-preset": "2.16.1",
        "blake3-wasm": "2.1.5",
        "esbuild": "0.27.3",
        "miniflare": "4.20260521.0",
        "path-to-regexp": "6.3.0",
        "rosie-skills": "^0.6.3",
        "unenv": "2.0.0-rc.24",
        "workerd": "1.20260521.1"
      },
      "bin": {
        "wrangler": "bin/wrangler.js",
        "wrangler2": "bin/wrangler.js"
      },
      "devDependencies": {
        "@aws-sdk/client-s3": "^3.721.0",
        "@bomb.sh/tab": "^0.0.12",
        "@cloudflare/cli-shared-helpers": "0.1.4",
        "@cloudflare/codemod": "1.1.0",
        "@cloudflare/containers-shared": "0.15.1",
        "@cloudflare/pages-shared": "^0.13.139",
        "@cloudflare/types": "6.18.4",
        "@cloudflare/workers-shared": "0.19.6",
        "@cloudflare/workers-tsconfig": "0.0.0",
        "@cloudflare/workers-types": "^4.20260521.1",
        "@cloudflare/workers-utils": "0.21.1",
        "@cloudflare/workflows-shared": "0.11.0",
        "@cspotcode/source-map-support": "0.8.1",
        "@netlify/build-info": "^10.5.1",
        "@sentry/node": "^7.86.0",
        "@sentry/types": "^7.86.0",
        "@sentry/utils": "^7.86.0",
        "@types/command-exists": "^1.2.0",
        "@types/esprima": "^4.0.3",
        "@types/glob-to-regexp": "^0.4.1",
        "@types/javascript-time-ago": "^2.0.3",
        "@types/json-diff": "^1.0.3",
        "@types/mime": "^3.0.4",
        "@types/minimatch": "^5.1.2",
        "@types/node": "^22.10.1",
        "@types/node-forge": "^1.3.11",
        "@types/prompts": "^2.0.14",
        "@types/resolve": "^1.20.6",
        "@types/shell-quote": "^1.7.2",
        "@types/signal-exit": "^3.0.1",
        "@types/supports-color": "^8.1.1",
        "@types/ws": "^8.5.7",
        "@types/yargs": "^17.0.22",
        "@vitest/ui": "4.1.0",
        "@webcontainer/env": "^1.1.0",
        "am-i-vibing": "^0.1.1",
        "capnweb": "^0.5.0",
        "chalk": "^5.2.0",
        "chokidar": "^4.0.1",
        "ci-info": "^4.4.0",
        "cli-table3": "^0.6.3",
        "cloudflare": "^5.2.0",
        "cmd-shim": "^4.1.0",
        "command-exists": "^1.2.9",
        "concurrently": "^8.2.2",
        "date-fns": "^4.1.0",
        "devtools-protocol": "^0.0.1182435",
        "dotenv": "^16.3.1",
        "dotenv-expand": "^12.0.2",
        "empathic": "^2.0.0",
        "esprima": "4.0.1",
        "execa": "^6.1.0",
        "get-port": "^7.0.0",
        "glob-to-regexp": "^0.4.1",
        "https-proxy-agent": "7.0.2",
        "itty-time": "^1.0.6",
        "javascript-time-ago": "^2.5.4",
        "json-diff": "^1.0.6",
        "jsonc-parser": "^3.2.0",
        "md5-file": "5.0.0",
        "mime": "^3.0.0",
        "minimatch": "^5.1.0",
        "mock-socket": "^9.3.1",
        "msw": "2.12.4",
        "node-forge": "^1.3.2",
        "open": "^11.0.0",
        "p-queue": "^9.0.0",
        "patch-console": "^1.0.0",
        "pretty-bytes": "^6.0.0",
        "prompts": "^2.4.2",
        "qr": "^0.6.0",
        "recast": "0.23.11",
        "resolve": "^1.22.8",
        "semiver": "^1.1.0",
        "shell-quote": "^1.8.1",
        "signal-exit": "^3.0.7",
        "smol-toml": "^1.5.2",
        "source-map": "^0.6.1",
        "supports-color": "^9.2.2",
        "timeago.js": "4.0.2",
        "tree-kill": "^1.2.2",
        "ts-dedent": "^2.2.0",
        "ts-json-schema-generator": "^1.5.0",
        "tsup": "8.3.0",
        "typescript": "~5.8.3",
        "undici": "7.24.8",
        "update-check": "^1.5.4",
        "vitest": "4.1.0",
        "vitest-websocket-mock": "^0.4.0",
        "ws": "8.20.1",
        "xxhash-wasm": "^1.0.1",
        "yaml": "^2.8.1",
        "yargs": "^17.7.2"
      },
      "engines": {
        "node": ">=22.0.0"
      },
      "optionalDependencies": {
        "fsevents": "~2.3.2"
      },
      "peerDependencies": {
        "@cloudflare/workers-types": "^4.20260521.1"
      },
      "peerDependenciesMeta": {
        "@cloudflare/workers-types": {
          "optional": true
        }
      }
    },
    "../../.pnpm-store/v11/links/@cloudflare/vitest-pool-workers/0.16.9/e558730d1225655b61bce02a0fafa116ce261a0061e4d9242d47228a7669628b/node_modules/@cloudflare/vitest-pool-workers": {
      "version": "0.16.9",
      "dev": true,
      "license": "MIT",
      "dependencies": {
        "cjs-module-lexer": "^1.2.3",
        "esbuild": "0.27.3",
        "miniflare": "4.20260521.0",
        "wrangler": "4.94.0",
        "zod": "^3.25.76"
      },
      "devDependencies": {
        "@cloudflare/mock-npm-registry": "0.0.0",
        "@cloudflare/workers-tsconfig": "0.0.0",
        "@cloudflare/workers-types": "^4.20260521.1",
        "@cloudflare/workers-utils": "0.21.1",
        "@cloudflare/workflows-shared": "0.11.0",
        "@types/jscodeshift": "^17.3.0",
        "@types/node": "^22.10.1",
        "@types/semver": "^7.5.1",
        "@vitest/runner": "4.1.0",
        "@vitest/snapshot": "4.1.0",
        "birpc": "0.2.14",
        "capnp-es": "^0.0.14",
        "devalue": "^5.6.3",
        "get-port": "^7.1.0",
        "jscodeshift": "^17.3.0",
        "semver": "^7.7.1",
        "tree-kill": "^1.2.2",
        "ts-dedent": "^2.2.0",
        "tsdown": "0.16.3",
        "typescript": "~5.8.3",
        "undici": "7.24.8",
        "vitest": "4.1.0"
      },
      "peerDependencies": {
        "@vitest/runner": "^4.1.0",
        "@vitest/snapshot": "^4.1.0",
        "vitest": "^4.1.0"
      }
    },
    "../../.pnpm-store/v11/links/@cloudflare/workers-types/4.20260522.1/27f599aadc804d2c3171cc9f3098c711560eae2e7673d001b437d69782ceecf2/node_modules/@cloudflare/workers-types": {
      "version": "4.20260522.1",
      "dev": true,
      "license": "MIT OR Apache-2.0"
    },
    "../../.pnpm-store/v11/links/@semantic-release/changelog/6.0.3/f141daf8a910a7fa1947651d2623ff8ad0c2d2f60fc5b73c99d9024eac0743dc/node_modules/@semantic-release/changelog": {
      "version": "6.0.3",
      "dev": true,
      "license": "MIT",
      "dependencies": {
        "@semantic-release/error": "^3.0.0",
        "aggregate-error": "^3.0.0",
        "fs-extra": "^11.0.0",
        "lodash": "^4.17.4"
      },
      "devDependencies": {
        "ava": "5.1.0",
        "clear-module": "4.1.2",
        "codecov": "3.8.3",
        "nyc": "15.1.0",
        "semantic-release": "20.1.3",
        "sinon": "15.0.2",
        "tempy": "1.0.1",
        "xo": "0.39.1"
      },
      "engines": {
        "node": ">=14.17"
      },
      "peerDependencies": {
        "semantic-release": ">=18.0.0"
      }
    },
    "../../.pnpm-store/v11/links/@semantic-release/git/10.0.1/8090ffe8ee6b732f13cebb284a6df64161d07884db352ab03b1a19d73edc4fcd/node_modules/@semantic-release/git": {
      "version": "10.0.1",
      "dev": true,
      "license": "MIT",
      "dependencies": {
        "@semantic-release/error": "^3.0.0",
        "aggregate-error": "^3.0.0",
        "debug": "^4.0.0",
        "dir-glob": "^3.0.0",
        "execa": "^5.0.0",
        "lodash": "^4.17.4",
        "micromatch": "^4.0.0",
        "p-reduce": "^2.0.0"
      },
      "devDependencies": {
        "ava": "3.15.0",
        "clear-module": "4.1.1",
        "file-url": "3.0.0",
        "fs-extra": "10.0.0",
        "get-stream": "6.0.1",
        "git-log-parser": "1.2.0",
        "nyc": "15.1.0",
        "semantic-release": "18.0.0",
        "sinon": "11.1.2",
        "tempy": "1.0.1",
        "xo": "0.28.3"
      },
      "engines": {
        "node": ">=14.17"
      },
      "peerDependencies": {
        "semantic-release": ">=18.0.0"
      }
    },
    "../../.pnpm-store/v11/links/@semantic-release/github/12.0.8/9a3c2f86d2ae43666cde0435cdbab0af9942fe68155510bd9b62250f39b56010/node_modules/@semantic-release/github": {
      "version": "12.0.8",
      "dev": true,
      "license": "MIT",
      "dependencies": {
        "@octokit/core": "^7.0.0",
        "@octokit/plugin-paginate-rest": "^14.0.0",
        "@octokit/plugin-retry": "^8.0.0",
        "@octokit/plugin-throttling": "^11.0.0",
        "@semantic-release/error": "^4.0.0",
        "aggregate-error": "^5.0.0",
        "debug": "^4.3.4",
        "dir-glob": "^3.0.1",
        "http-proxy-agent": "^9.0.0",
        "https-proxy-agent": "^9.0.0",
        "issue-parser": "^7.0.0",
        "lodash-es": "^4.17.21",
        "mime": "^4.0.0",
        "p-filter": "^4.0.0",
        "tinyglobby": "^0.2.14",
        "undici": "^7.0.0",
        "url-join": "^5.0.0"
      },
      "devDependencies": {
        "ava": "8.0.0",
        "c8": "11.0.0",
        "cpy": "13.2.2",
        "cz-conventional-changelog": "3.3.0",
        "fetch-mock": "npm:@gr2m/fetch-mock@9.11.0-pull-request-644.1",
        "lockfile-lint": "5.0.0",
        "ls-engines": "0.10.0",
        "npm-run-all2": "8.0.4",
        "prettier": "3.8.3",
        "publint": "0.3.19",
        "semantic-release": "25.0.3",
        "sinon": "21.1.2",
        "tempy": "3.2.0"
      },
      "engines": {
        "node": "^22.14.0 || >= 24.10.0"
      },
      "peerDependencies": {
        "semantic-release": ">=24.1.0"
      }
    },
    "../../.pnpm-store/v11/links/@types/node/25.9.1/4e41e42489e1f564ea62e560d14edafc2ba530fae0535493204c72bad9ef3e06/node_modules/@types/node": {
      "version": "25.9.1",
      "dev": true,
      "license": "MIT",
      "dependencies": {
        "undici-types": ">=7.24.0 <7.24.7"
      }
    },
    "../../.pnpm-store/v11/links/@vitest/coverage-v8/4.1.7/66c8fc18a3530fce5fd42486248d14ba38d2cdffbc82bfac339daa9a07c309ca/node_modules/@vitest/coverage-v8": {
      "version": "4.1.7",
      "dev": true,
      "license": "MIT",
      "dependencies": {
        "@bcoe/v8-coverage": "^1.0.2",
        "@vitest/utils": "4.1.7",
        "ast-v8-to-istanbul": "^1.0.0",
        "istanbul-lib-coverage": "^3.2.2",
        "istanbul-lib-report": "^3.0.1",
        "istanbul-reports": "^3.2.0",
        "magicast": "^0.5.2",
        "obug": "^2.1.1",
        "std-env": "^4.0.0-rc.1",
        "tinyrainbow": "^3.1.0"
      },
      "devDependencies": {
        "@types/istanbul-lib-coverage": "^2.0.6",
        "@types/istanbul-lib-report": "^3.0.3",
        "@types/istanbul-reports": "^3.0.4",
        "@vitest/browser": "4.1.7",
        "@vitest/browser-playwright": "4.1.7",
        "pathe": "^2.0.3",
        "vitest": "4.1.7"
      },
      "funding": {
        "url": "https://opencollective.com/vitest"
      },
      "peerDependencies": {
        "@vitest/browser": "4.1.7",
        "vitest": "4.1.7"
      },
      "peerDependenciesMeta": {
        "@vitest/browser": {
          "optional": true
        }
      }
    },
    "node_modules/@cloudflare/vitest-pool-workers": {
      "resolved": "../../.pnpm-store/v11/links/@cloudflare/vitest-pool-workers/0.16.9/e558730d1225655b61bce02a0fafa116ce261a0061e4d9242d47228a7669628b/node_modules/@cloudflare/vitest-pool-workers",
      "link": true
    },
    "node_modules/@cloudflare/workers-types": {
      "resolved": "../../.pnpm-store/v11/links/@cloudflare/workers-types/4.20260522.1/27f599aadc804d2c3171cc9f3098c711560eae2e7673d001b437d69782ceecf2/node_modules/@cloudflare/workers-types",
      "link": true
    },
    "node_modules/@semantic-release/changelog": {
      "resolved": "../../.pnpm-store/v11/links/@semantic-release/changelog/6.0.3/f141daf8a910a7fa1947651d2623ff8ad0c2d2f60fc5b73c99d9024eac0743dc/node_modules/@semantic-release/changelog",
      "link": true
    },
    "node_modules/@semantic-release/git": {
      "resolved": "../../.pnpm-store/v11/links/@semantic-release/git/10.0.1/8090ffe8ee6b732f13cebb284a6df64161d07884db352ab03b1a19d73edc4fcd/node_modules/@semantic-release/git",
      "link": true
    },
    "node_modules/@semantic-release/github": {
      "resolved": "../../.pnpm-store/v11/links/@semantic-release/github/12.0.8/9a3c2f86d2ae43666cde0435cdbab0af9942fe68155510bd9b62250f39b56010/node_modules/@semantic-release/github",
      "link": true
    },
    "node_modules/@types/node": {
      "resolved": "../../.pnpm-store/v11/links/@types/node/25.9.1/4e41e42489e1f564ea62e560d14edafc2ba530fae0535493204c72bad9ef3e06/node_modules/@types/node",
      "link": true
    },
    "node_modules/@vitest/coverage-v8": {
      "resolved": "../../.pnpm-store/v11/links/@vitest/coverage-v8/4.1.7/66c8fc18a3530fce5fd42486248d14ba38d2cdffbc82bfac339daa9a07c309ca/node_modules/@vitest/coverage-v8",
      "link": true
    },
    "node_modules/hono": {
      "resolved": "../../.pnpm-store/v11/links/@/hono/4.12.22/1f5df69f7c463d3bfbb182e8d611fddb19003d6f950823cec620557ce1ceda79/node_modules/hono",
      "link": true
    },
    "node_modules/oxlint": {
      "resolved": "../../.pnpm-store/v11/links/@/oxlint/1.66.0/b9d2fd506db89526b61614fac8c13ae4f67a3397f6136c054399cc0d08348f49/node_modules/oxlint",
      "link": true
    },
    "node_modules/semantic-release": {
      "resolved": "../../.pnpm-store/v11/links/@/semantic-release/25.0.3/4bae0b389b3834d0b31d74ee57bc4d82e81cccc66c2e339d70a6ccf3974b49e8/node_modules/semantic-release",
      "link": true
    },
    "node_modules/typescript": {
      "resolved": "../../.pnpm-store/v11/links/@/typescript/6.0.3/4c7d5dda06e5f9372ccbd4cadc34d29e5e1e0f616e2adf0b32c5b6b3f909eb4c/node_modules/typescript",
      "link": true
    },
    "node_modules/vitest": {
      "resolved": "../../.pnpm-store/v11/links/@/vitest/4.1.7/433dedf691d96b5b38ac5e027c85b7d4408e7d8aa8499c97bc1b3151684f95d8/node_modules/vitest",
      "link": true
    },
    "node_modules/wrangler": {
      "resolved": "../../.pnpm-store/v11/links/@/wrangler/4.94.0/9815b3edd52aece30b62a75e6befe51bdb0c733ea5e2fd7597f22046c9e72396/node_modules/wrangler",
      "link": true
    }
  }
}
